
Microsoft Visual Studio Solution File, Format Version 12.00
Project("{FAE04EC0-301F-11D3-BF4B-00C04F79EFBC}") = "DiscordChannelNameUpdater", "DiscordChannelNameUpdater\DiscordChannelNameUpdater.csproj", "{680F8BD9-7E81-455B-ADC6-8CEF42317468}"
EndProject
Project("{FAE04EC0-301F-11D3-BF4B-00C04F79EFBC}") = "DiscordChannelNameUpdaterTests", "DiscordChannelNameUpdaterTests\DiscordChannelNameUpdaterTests.csproj", "{D99F29C7-6106-49D8-8D9A-0B3819C0A9D0}"
EndProject
Global
	GlobalSection(SolutionConfigurationPlatforms) = preSolution
		Debug|Any CPU = Debug|Any CPU
		Release|Any CPU = Release|Any CPU
	EndGlobalSection
	GlobalSection(ProjectConfigurationPlatforms) = postSolution
		{680F8BD9-7E81-455B-ADC6-8CEF42317468}.Debug|Any CPU.ActiveCfg = Debug|Any CPU
		{680F8BD9-7E81-455B-ADC6-8CEF42317468}.Debug|Any CPU.Build.0 = Debug|Any CPU
		{680F8BD9-7E81-455B-ADC6-8CEF42317468}.Release|Any CPU.ActiveCfg = Release|Any CPU
		{680F8BD9-7E81-455B-ADC6-8CEF42317468}.Release|Any CPU.Build.0 = Release|Any CPU
		{D99F29C7-6106-49D8-8D9A-0B3819C0A9D0}.Debug|Any CPU.ActiveCfg = Debug|Any CPU
		{D99F29C7-6106-49D8-8D9A-0B3819C0A9D0}.Debug|Any CPU.Build.0 = Debug|Any CPU
		{D99F29C7-6106-49D8-8D9A-0B3819C0A9D0}.Release|Any CPU.ActiveCfg = Release|Any CPU
		{D99F29C7-6106-49D8-8D9A-0B3819C0A9D0}.Release|Any CPU.Build.0 = Release|Any CPU
	EndGlobalSection
EndGlobal
